Microsoft Visual Studio Solution File, Format Version 12.00
# Visual Studio Version 17
VisualStudioVersion = 17.5.2.0
MinimumVisualStudioVersion = 10.0.40219.1
Project("{FAE04EC0-301F-11D3-BF4B-00C04F79EFBC}") = "Goose", "Goose\Goose.csproj", "{7DB1845A-64BE-8FDD-B543-E8C01596BA1A}"
EndProject
Project("{FAE04EC0-301F-11D3-BF4B-00C04F79EFBC}") = "Goose.Tests", "Goose.Tests\Goose.Tests.csproj", "{E13BFB1F-CBBC-40CF-9391-FA4C788C0B7E}"
EndProject
Project("{FAE04EC0-301F-11D3-BF4B-00C04F79EFBC}") = "Crane", "Crane\Crane.csproj", "{C4122F1A-5607-4F0A-9CDA-7BBB98514485}"
EndProject
Project("{FAE04EC0-301F-11D3-BF4B-00C04F79EFBC}") = "Crane.Tests", "Crane.Tests\Crane.Tests.csproj", "{CD74B7AC-182F-4E9F-BA87-4D49FED79B8F}"
EndProject
Global
	GlobalSection(SolutionConfigurationPlatforms) = preSolution
		Debug|Any CPU = Debug|Any CPU
		Release|Any CPU = Release|Any CPU
	EndGlobalSection
	GlobalSection(ProjectConfigurationPlatforms) = postSolution
		{7DB1845A-64BE-8FDD-B543-E8C01596BA1A}.Debug|Any CPU.ActiveCfg = Debug|Any CPU
		{7DB1845A-64BE-8FDD-B543-E8C01596BA1A}.Debug|Any CPU.Build.0 = Debug|Any CPU
		{7DB1845A-64BE-8FDD-B543-E8C01596BA1A}.Release|Any CPU.ActiveCfg = Release|Any CPU
		{7DB1845A-64BE-8FDD-B543-E8C01596BA1A}.Release|Any CPU.Build.0 = Release|Any CPU
		{E13BFB1F-CBBC-40CF-9391-FA4C788C0B7E}.Debug|Any CPU.ActiveCfg = Debug|Any CPU
		{E13BFB1F-CBBC-40CF-9391-FA4C788C0B7E}.Debug|Any CPU.Build.0 = Debug|Any CPU
		{E13BFB1F-CBBC-40CF-9391-FA4C788C0B7E}.Release|Any CPU.ActiveCfg = Release|Any CPU
		{E13BFB1F-CBBC-40CF-9391-FA4C788C0B7E}.Release|Any CPU.Build.0 = Release|Any CPU
		{C4122F1A-5607-4F0A-9CDA-7BBB98514485}.Debug|Any CPU.ActiveCfg = Debug|Any CPU
		{C4122F1A-5607-4F0A-9CDA-7BBB98514485}.Debug|Any CPU.Build.0 = Debug|Any CPU
		{C4122F1A-5607-4F0A-9CDA-7BBB98514485}.Release|Any CPU.ActiveCfg = Release|Any CPU
		{C4122F1A-5607-4F0A-9CDA-7BBB98514485}.Release|Any CPU.Build.0 = Release|Any CPU
		{CD74B7AC-182F-4E9F-BA87-4D49FED79B8F}.Debug|Any CPU.ActiveCfg = Debug|Any CPU
		{CD74B7AC-182F-4E9F-BA87-4D49FED79B8F}.Debug|Any CPU.Build.0 = Debug|Any CPU
		{CD74B7AC-182F-4E9F-BA87-4D49FED79B8F}.Release|Any CPU.ActiveCfg = Release|Any CPU
		{CD74B7AC-182F-4E9F-BA87-4D49FED79B8F}.Release|Any CPU.Build.0 = Release|Any CPU
	EndGlobalSection
	GlobalSection(SolutionProperties) = preSolution
		HideSolutionNode = FALSE
	EndGlobalSection
	GlobalSection(ExtensibilityGlobals) = postSolution
		SolutionGuid = {932808B2-4065-48AE-B293-EFA9250A5DC7}
	EndGlobalSection
EndGlobal
